
Microsoft Visual Studio Solution File, Format Version 12.00
# Visual Studio Version 17
VisualStudioVersion = 17.0.31903.59
MinimumVisualStudioVersion = 10.0.40219.1
Project("{FAE04EC0-301F-11D3-BF4B-00C04F79EFBC}") = "Day01", "Day01\Day01.csproj", "{EA2351E5-44AB-4DA2-BE97-0C4E925E18CC}"
EndProject
Project("{FAE04EC0-301F-11D3-BF4B-00C04F79EFBC}") = "Day02", "Day02\Day02.csproj", "{34F68E0B-6029-4EB2-BBF8-BFD05C679761}"
EndProject
Project("{FAE04EC0-301F-11D3-BF4B-00C04F79EFBC}") = "Day02-2", "Day02-2\Day02-2.csproj", "{33B70585-A931-4E1F-AC2C-9061813C6DE8}"
EndProject
Project("{FAE04EC0-301F-11D3-BF4B-00C04F79EFBC}") = "Day03", "Day03\Day03.csproj", "{6400D6FC-0161-4F3D-BA0B-17E3114EF6AD}"
EndProject
Project("{FAE04EC0-301F-11D3-BF4B-00C04F79EFBC}") = "Day03-2", "Day03-2\Day03-2.csproj", "{50941E5B-5996-471E-98BE-7D3F5B92DDA3}"
EndProject
Project("{FAE04EC0-301F-11D3-BF4B-00C04F79EFBC}") = "Day04", "Day04\Day04.csproj", "{69910DB5-DC75-47A9-8BD9-A33708F96E07}"
EndProject
Project("{FAE04EC0-301F-11D3-BF4B-00C04F79EFBC}") = "Day04-2", "Day04-2\Day04-2.csproj", "{87FCC93C-5A82-4865-B1FF-4D3844CA04C5}"
EndProject
Project("{FAE04EC0-301F-11D3-BF4B-00C04F79EFBC}") = "Day05", "Day05\Day05.csproj", "{2A4CD82B-A1E2-45C0-AFE3-50F1D3C729A4}"
EndProject
Project("{FAE04EC0-301F-11D3-BF4B-00C04F79EFBC}") = "Day05-2", "Day05-2\Day05-2.csproj", "{94CD070D-ACBB-4050-BAE6-DC5C25A97D26}"
EndProject
Project("{FAE04EC0-301F-11D3-BF4B-00C04F79EFBC}") = "Day06", "Day06\Day06.csproj", "{3E610996-08CA-4BBA-A8A7-AA2A87E3AD15}"
EndProject
Global
	GlobalSection(SolutionConfigurationPlatforms) = preSolution
		Debug|Any CPU = Debug|Any CPU
		Debug|x64 = Debug|x64
		Debug|x86 = Debug|x86
		Release|Any CPU = Release|Any CPU
		Release|x64 = Release|x64
		Release|x86 = Release|x86
	EndGlobalSection
	GlobalSection(ProjectConfigurationPlatforms) = postSolution
		{EA2351E5-44AB-4DA2-BE97-0C4E925E18CC}.Debug|Any CPU.ActiveCfg = Debug|Any CPU
		{EA2351E5-44AB-4DA2-BE97-0C4E925E18CC}.Debug|Any CPU.Build.0 = Debug|Any CPU
		{EA2351E5-44AB-4DA2-BE97-0C4E925E18CC}.Debug|x64.ActiveCfg = Debug|Any CPU
		{EA2351E5-44AB-4DA2-BE97-0C4E925E18CC}.Debug|x64.Build.0 = Debug|Any CPU
		{EA2351E5-44AB-4DA2-BE97-0C4E925E18CC}.Debug|x86.ActiveCfg = Debug|Any CPU
		{EA2351E5-44AB-4DA2-BE97-0C4E925E18CC}.Debug|x86.Build.0 = Debug|Any CPU
		{EA2351E5-44AB-4DA2-BE97-0C4E925E18CC}.Release|Any CPU.ActiveCfg = Release|Any CPU
		{EA2351E5-44AB-4DA2-BE97-0C4E925E18CC}.Release|Any CPU.Build.0 = Release|Any CPU
		{EA2351E5-44AB-4DA2-BE97-0C4E925E18CC}.Release|x64.ActiveCfg = Release|Any CPU
		{EA2351E5-44AB-4DA2-BE97-0C4E925E18CC}.Release|x64.Build.0 = Release|Any CPU
		{EA2351E5-44AB-4DA2-BE97-0C4E925E18CC}.Release|x86.ActiveCfg = Release|Any CPU
		{EA2351E5-44AB-4DA2-BE97-0C4E925E18CC}.Release|x86.Build.0 = Release|Any CPU
		{34F68E0B-6029-4EB2-BBF8-BFD05C679761}.Debug|Any CPU.ActiveCfg = Debug|Any CPU
		{34F68E0B-6029-4EB2-BBF8-BFD05C679761}.Debug|Any CPU.Build.0 = Debug|Any CPU
		{34F68E0B-6029-4EB2-BBF8-BFD05C679761}.Debug|x64.ActiveCfg = Debug|Any CPU
		{34F68E0B-6029-4EB2-BBF8-BFD05C679761}.Debug|x64.Build.0 = Debug|Any CPU
		{34F68E0B-6029-4EB2-BBF8-BFD05C679761}.Debug|x86.ActiveCfg = Debug|Any CPU
		{34F68E0B-6029-4EB2-BBF8-BFD05C679761}.Debug|x86.Build.0 = Debug|Any CPU
		{34F68E0B-6029-4EB2-BBF8-BFD05C679761}.Release|Any CPU.ActiveCfg = Release|Any CPU
		{34F68E0B-6029-4EB2-BBF8-BFD05C679761}.Release|Any CPU.Build.0 = Release|Any CPU
		{34F68E0B-6029-4EB2-BBF8-BFD05C679761}.Release|x64.ActiveCfg = Release|Any CPU
		{34F68E0B-6029-4EB2-BBF8-BFD05C679761}.Release|x64.Build.0 = Release|Any CPU
		{34F68E0B-6029-4EB2-BBF8-BFD05C679761}.Release|x86.ActiveCfg = Release|Any CPU
		{34F68E0B-6029-4EB2-BBF8-BFD05C679761}.Release|x86.Build.0 = Release|Any CPU
		{33B70585-A931-4E1F-AC2C-9061813C6DE8}.Debug|Any CPU.ActiveCfg = Debug|Any CPU
		{33B70585-A931-4E1F-AC2C-9061813C6DE8}.Debug|Any CPU.Build.0 = Debug|Any CPU
		{33B70585-A931-4E1F-AC2C-9061813C6DE8}.Debug|x64.ActiveCfg = Debug|Any CPU
		{33B70585-A931-4E1F-AC2C-9061813C6DE8}.Debug|x64.Build.0 = Debug|Any CPU
		{33B70585-A931-4E1F-AC2C-9061813C6DE8}.Debug|x86.ActiveCfg = Debug|Any CPU
		{33B70585-A931-4E1F-AC2C-9061813C6DE8}.Debug|x86.Build.0 = Debug|Any CPU
		{33B70585-A931-4E1F-AC2C-9061813C6DE8}.Release|Any CPU.ActiveCfg = Release|Any CPU
		{33B70585-A931-4E1F-AC2C-9061813C6DE8}.Release|Any CPU.Build.0 = Release|Any CPU
		{33B70585-A931-4E1F-AC2C-9061813C6DE8}.Release|x64.ActiveCfg = Release|Any CPU
		{33B70585-A931-4E1F-AC2C-9061813C6DE8}.Release|x64.Build.0 = Release|Any CPU
		{33B70585-A931-4E1F-AC2C-9061813C6DE8}.Release|x86.ActiveCfg = Release|Any CPU
		{33B70585-A931-4E1F-AC2C-9061813C6DE8}.Release|x86.Build.0 = Release|Any CPU
		{6400D6FC-0161-4F3D-BA0B-17E3114EF6AD}.Debug|Any CPU.ActiveCfg = Debug|Any CPU
		{6400D6FC-0161-4F3D-BA0B-17E3114EF6AD}.Debug|Any CPU.Build.0 = Debug|Any CPU
		{6400D6FC-0161-4F3D-BA0B-17E3114EF6AD}.Debug|x64.ActiveCfg = Debug|Any CPU
		{6400D6FC-0161-4F3D-BA0B-17E3114EF6AD}.Debug|x64.Build.0 = Debug|Any CPU
		{6400D6FC-0161-4F3D-BA0B-17E3114EF6AD}.Debug|x86.ActiveCfg = Debug|Any CPU
		{6400D6FC-0161-4F3D-BA0B-17E3114EF6AD}.Debug|x86.Build.0 = Debug|Any CPU
		{6400D6FC-0161-4F3D-BA0B-17E3114EF6AD}.Release|Any CPU.ActiveCfg = Release|Any CPU
		{6400D6FC-0161-4F3D-BA0B-17E3114EF6AD}.Release|Any CPU.Build.0 = Release|Any CPU
		{6400D6FC-0161-4F3D-BA0B-17E3114EF6AD}.Release|x64.ActiveCfg = Release|Any CPU
		{6400D6FC-0161-4F3D-BA0B-17E3114EF6AD}.Release|x64.Build.0 = Release|Any CPU
		{6400D6FC-0161-4F3D-BA0B-17E3114EF6AD}.Release|x86.ActiveCfg = Release|Any CPU
		{6400D6FC-0161-4F3D-BA0B-17E3114EF6AD}.Release|x86.Build.0 = Release|Any CPU
		{50941E5B-5996-471E-98BE-7D3F5B92DDA3}.Debug|Any CPU.ActiveCfg = Debug|Any CPU
		{50941E5B-5996-471E-98BE-7D3F5B92DDA3}.Debug|Any CPU.Build.0 = Debug|Any CPU
		{50941E5B-5996-471E-98BE-7D3F5B92DDA3}.Debug|x64.ActiveCfg = Debug|Any CPU
		{50941E5B-5996-471E-98BE-7D3F5B92DDA3}.Debug|x64.Build.0 = Debug|Any CPU
		{50941E5B-5996-471E-98BE-7D3F5B92DDA3}.Debug|x86.ActiveCfg = Debug|Any CPU
		{50941E5B-5996-471E-98BE-7D3F5B92DDA3}.Debug|x86.Build.0 = Debug|Any CPU
		{50941E5B-5996-471E-98BE-7D3F5B92DDA3}.Release|Any CPU.ActiveCfg = Release|Any CPU
		{50941E5B-5996-471E-98BE-7D3F5B92DDA3}.Release|Any CPU.Build.0 = Release|Any CPU
		{50941E5B-5996-471E-98BE-7D3F5B92DDA3}.Release|x64.ActiveCfg = Release|Any CPU
		{50941E5B-5996-471E-98BE-7D3F5B92DDA3}.Release|x64.Build.0 = Release|Any CPU
		{50941E5B-5996-471E-98BE-7D3F5B92DDA3}.Release|x86.ActiveCfg = Release|Any CPU
		{50941E5B-5996-471E-98BE-7D3F5B92DDA3}.Release|x86.Build.0 = Release|Any CPU
		{69910DB5-DC75-47A9-8BD9-A33708F96E07}.Debug|Any CPU.ActiveCfg = Debug|Any CPU
		{69910DB5-DC75-47A9-8BD9-A33708F96E07}.Debug|Any CPU.Build.0 = Debug|Any CPU
		{69910DB5-DC75-47A9-8BD9-A33708F96E07}.Debug|x64.ActiveCfg = Debug|Any CPU
		{69910DB5-DC75-47A9-8BD9-A33708F96E07}.Debug|x64.Build.0 = Debug|Any CPU
		{69910DB5-DC75-47A9-8BD9-A33708F96E07}.Debug|x86.ActiveCfg = Debug|Any CPU
		{69910DB5-DC75-47A9-8BD9-A33708F96E07}.Debug|x86.Build.0 = Debug|Any CPU
		{69910DB5-DC75-47A9-8BD9-A33708F96E07}.Release|Any CPU.ActiveCfg = Release|Any CPU
		{69910DB5-DC75-47A9-8BD9-A33708F96E07}.Release|Any CPU.Build.0 = Release|Any CPU
		{69910DB5-DC75-47A9-8BD9-A33708F96E07}.Release|x64.ActiveCfg = Release|Any CPU
		{69910DB5-DC75-47A9-8BD9-A33708F96E07}.Release|x64.Build.0 = Release|Any CPU
		{69910DB5-DC75-47A9-8BD9-A33708F96E07}.Release|x86.ActiveCfg = Release|Any CPU
		{69910DB5-DC75-47A9-8BD9-A33708F96E07}.Release|x86.Build.0 = Release|Any CPU
		{87FCC93C-5A82-4865-B1FF-4D3844CA04C5}.Debug|Any CPU.ActiveCfg = Debug|Any CPU
		{87FCC93C-5A82-4865-B1FF-4D3844CA04C5}.Debug|Any CPU.Build.0 = Debug|Any CPU
		{87FCC93C-5A82-4865-B1FF-4D3844CA04C5}.Debug|x64.ActiveCfg = Debug|Any CPU
		{87FCC93C-5A82-4865-B1FF-4D3844CA04C5}.Debug|x64.Build.0 = Debug|Any CPU
		{87FCC93C-5A82-4865-B1FF-4D3844CA04C5}.Debug|x86.ActiveCfg = Debug|Any CPU
		{87FCC93C-5A82-4865-B1FF-4D3844CA04C5}.Debug|x86.Build.0 = Debug|Any CPU
		{87FCC93C-5A82-4865-B1FF-4D3844CA04C5}.Release|Any CPU.ActiveCfg = Release|Any CPU
		{87FCC93C-5A82-4865-B1FF-4D3844CA04C5}.Release|Any CPU.Build.0 = Release|Any CPU
		{87FCC93C-5A82-4865-B1FF-4D3844CA04C5}.Release|x64.ActiveCfg = Release|Any CPU
		{87FCC93C-5A82-4865-B1FF-4D3844CA04C5}.Release|x64.Build.0 = Release|Any CPU
		{87FCC93C-5A82-4865-B1FF-4D3844CA04C5}.Release|x86.ActiveCfg = Release|Any CPU
		{87FCC93C-5A82-4865-B1FF-4D3844CA04C5}.Release|x86.Build.0 = Release|Any CPU
		{2A4CD82B-A1E2-45C0-AFE3-50F1D3C729A4}.Debug|Any CPU.ActiveCfg = Debug|Any CPU
		{2A4CD82B-A1E2-45C0-AFE3-50F1D3C729A4}.Debug|Any CPU.Build.0 = Debug|Any CPU
		{2A4CD82B-A1E2-45C0-AFE3-50F1D3C729A4}.Debug|x64.ActiveCfg = Debug|Any CPU
		{2A4CD82B-A1E2-45C0-AFE3-50F1D3C729A4}.Debug|x64.Build.0 = Debug|Any CPU
		{2A4CD82B-A1E2-45C0-AFE3-50F1D3C729A4}.Debug|x86.ActiveCfg = Debug|Any CPU
		{2A4CD82B-A1E2-45C0-AFE3-50F1D3C729A4}.Debug|x86.Build.0 = Debug|Any CPU
		{2A4CD82B-A1E2-45C0-AFE3-50F1D3C729A4}.Release|Any CPU.ActiveCfg = Release|Any CPU
		{2A4CD82B-A1E2-45C0-AFE3-50F1D3C729A4}.Release|Any CPU.Build.0 = Release|Any CPU
		{2A4CD82B-A1E2-45C0-AFE3-50F1D3C729A4}.Release|x64.ActiveCfg = Release|Any CPU
		{2A4CD82B-A1E2-45C0-AFE3-50F1D3C729A4}.Release|x64.Build.0 = Release|Any CPU
		{2A4CD82B-A1E2-45C0-AFE3-50F1D3C729A4}.Release|x86.ActiveCfg = Release|Any CPU
		{2A4CD82B-A1E2-45C0-AFE3-50F1D3C729A4}.Release|x86.Build.0 = Release|Any CPU
		{94CD070D-ACBB-4050-BAE6-DC5C25A97D26}.Debug|Any CPU.ActiveCfg = Debug|Any CPU
		{94CD070D-ACBB-4050-BAE6-DC5C25A97D26}.Debug|Any CPU.Build.0 = Debug|Any CPU
		{94CD070D-ACBB-4050-BAE6-DC5C25A97D26}.Debug|x64.ActiveCfg = Debug|Any CPU
		{94CD070D-ACBB-4050-BAE6-DC5C25A97D26}.Debug|x64.Build.0 = Debug|Any CPU
		{94CD070D-ACBB-4050-BAE6-DC5C25A97D26}.Debug|x86.ActiveCfg = Debug|Any CPU
		{94CD070D-ACBB-4050-BAE6-DC5C25A97D26}.Debug|x86.Build.0 = Debug|Any CPU
		{94CD070D-ACBB-4050-BAE6-DC5C25A97D26}.Release|Any CPU.ActiveCfg = Release|Any CPU
		{94CD070D-ACBB-4050-BAE6-DC5C25A97D26}.Release|Any CPU.Build.0 = Release|Any CPU
		{94CD070D-ACBB-4050-BAE6-DC5C25A97D26}.Release|x64.ActiveCfg = Release|Any CPU
		{94CD070D-ACBB-4050-BAE6-DC5C25A97D26}.Release|x64.Build.0 = Release|Any CPU
		{94CD070D-ACBB-4050-BAE6-DC5C25A97D26}.Release|x86.ActiveCfg = Release|Any CPU
		{94CD070D-ACBB-4050-BAE6-DC5C25A97D26}.Release|x86.Build.0 = Release|Any CPU
		{3E610996-08CA-4BBA-A8A7-AA2A87E3AD15}.Debug|Any CPU.ActiveCfg = Debug|Any CPU
		{3E610996-08CA-4BBA-A8A7-AA2A87E3AD15}.Debug|Any CPU.Build.0 = Debug|Any CPU
		{3E610996-08CA-4BBA-A8A7-AA2A87E3AD15}.Debug|x64.ActiveCfg = Debug|Any CPU
		{3E610996-08CA-4BBA-A8A7-AA2A87E3AD15}.Debug|x64.Build.0 = Debug|Any CPU
		{3E610996-08CA-4BBA-A8A7-AA2A87E3AD15}.Debug|x86.ActiveCfg = Debug|Any CPU
		{3E610996-08CA-4BBA-A8A7-AA2A87E3AD15}.Debug|x86.Build.0 = Debug|Any CPU
		{3E610996-08CA-4BBA-A8A7-AA2A87E3AD15}.Release|Any CPU.ActiveCfg = Release|Any CPU
		{3E610996-08CA-4BBA-A8A7-AA2A87E3AD15}.Release|Any CPU.Build.0 = Release|Any CPU
		{3E610996-08CA-4BBA-A8A7-AA2A87E3AD15}.Release|x64.ActiveCfg = Release|Any CPU
		{3E610996-08CA-4BBA-A8A7-AA2A87E3AD15}.Release|x64.Build.0 = Release|Any CPU
		{3E610996-08CA-4BBA-A8A7-AA2A87E3AD15}.Release|x86.ActiveCfg = Release|Any CPU
		{3E610996-08CA-4BBA-A8A7-AA2A87E3AD15}.Release|x86.Build.0 = Release|Any CPU
	EndGlobalSection
	GlobalSection(SolutionProperties) = preSolution
		HideSolutionNode = FALSE
	EndGlobalSection
EndGlobal
